
Microsoft Visual Studio Solution File, Format Version 12.00
# Visual Studio Version 17
VisualStudioVersion = 17.14.36109.1 d17.14
MinimumVisualStudioVersion = 10.0.40219.1
Project("{FAE04EC0-301F-11D3-BF4B-00C04F79EFBC}") = "EInvoiceViewer", "EInvoiceViewer\EInvoiceViewer.csproj", "{15A270B9-7B1C-4EB3-9060-5F15503AF3AD}"
EndProject
Global
	GlobalSection(SolutionConfigurationPlatforms) = preSolution
		Debug|Any CPU = Debug|Any CPU
		Release|Any CPU = Release|Any CPU
	EndGlobalSection
	GlobalSection(ProjectConfigurationPlatforms) = postSolution
		{15A270B9-7B1C-4EB3-9060-5F15503AF3AD}.Debug|Any CPU.ActiveCfg = Debug|Any CPU
		{15A270B9-7B1C-4EB3-9060-5F15503AF3AD}.Debug|Any CPU.Build.0 = Debug|Any CPU
		{15A270B9-7B1C-4EB3-9060-5F15503AF3AD}.Release|Any CPU.ActiveCfg = Release|Any CPU
		{15A270B9-7B1C-4EB3-9060-5F15503AF3AD}.Release|Any CPU.Build.0 = Release|Any CPU
	EndGlobalSection
	GlobalSection(SolutionProperties) = preSolution
		HideSolutionNode = FALSE
	EndGlobalSection
	GlobalSection(ExtensibilityGlobals) = postSolution
		SolutionGuid = {0D51E290-8499-4BCD-8625-96F61D521072}
	EndGlobalSection
EndGlobal
